
Microsoft Visual Studio Solution File, Format Version 12.00
# Visual Studio Version 17
VisualStudioVersion = 17.5.002.0
MinimumVisualStudioVersion = 10.0.40219.1
Project("{9A19103F-16F7-4668-BE54-9A1E7A4F7556}") = "IntegralTypes", "IntegralTypes.csproj", "{00010B8E-61C7-4EF7-BB79-D15EEFE8EAB4}"
EndProject
Global
	GlobalSection(SolutionConfigurationPlatforms) = preSolution
		Debug|Any CPU = Debug|Any CPU
		Release|Any CPU = Release|Any CPU
	EndGlobalSection
	GlobalSection(ProjectConfigurationPlatforms) = postSolution
		{00010B8E-61C7-4EF7-BB79-D15EEFE8EAB4}.Debug|Any CPU.ActiveCfg = Debug|Any CPU
		{00010B8E-61C7-4EF7-BB79-D15EEFE8EAB4}.Debug|Any CPU.Build.0 = Debug|Any CPU
		{00010B8E-61C7-4EF7-BB79-D15EEFE8EAB4}.Release|Any CPU.ActiveCfg = Release|Any CPU
		{00010B8E-61C7-4EF7-BB79-D15EEFE8EAB4}.Release|Any CPU.Build.0 = Release|Any CPU
	EndGlobalSection
	GlobalSection(SolutionProperties) = preSolution
		HideSolutionNode = FALSE
	EndGlobalSection
	GlobalSection(ExtensibilityGlobals) = postSolution
		SolutionGuid = {50C46C3B-A227-42D1-8BB1-6199F3BF986C}
	EndGlobalSection
EndGlobal
